
Microsoft Visual Studio Solution File, Format Version 12.00
# Visual Studio Version 16
VisualStudioVersion = 25.0.1705.0
MinimumVisualStudioVersion = 10.0.40219.1
Project("{FAE04EC0-301F-11D3-BF4B-00C04F79EFBC}") = "ExcelProofOfConcept", "ExcelProofOfConcept\ExcelProofOfConcept.csproj", "{290E47D0-EEE4-4266-8088-039F51C640BA}"
EndProject
Global
	GlobalSection(SolutionConfigurationPlatforms) = preSolution
		Debug|Any CPU = Debug|Any CPU
		Release|Any CPU = Release|Any CPU
	EndGlobalSection
	GlobalSection(ProjectConfigurationPlatforms) = postSolution
		{290E47D0-EEE4-4266-8088-039F51C640BA}.Debug|Any CPU.ActiveCfg = Debug|Any CPU
		{290E47D0-EEE4-4266-8088-039F51C640BA}.Debug|Any CPU.Build.0 = Debug|Any CPU
		{290E47D0-EEE4-4266-8088-039F51C640BA}.Release|Any CPU.ActiveCfg = Release|Any CPU
		{290E47D0-EEE4-4266-8088-039F51C640BA}.Release|Any CPU.Build.0 = Release|Any CPU
	EndGlobalSection
	GlobalSection(SolutionProperties) = preSolution
		HideSolutionNode = FALSE
	EndGlobalSection
	GlobalSection(ExtensibilityGlobals) = postSolution
		SolutionGuid = {E1DB76D4-E759-4A2C-96E4-D605D70DCA52}
	EndGlobalSection
EndGlobal
